
Microsoft Visual Studio Solution File, Format Version 12.00
# Visual Studio Version 16
VisualStudioVersion = 16.0.29025.244
MinimumVisualStudioVersion = 10.0.40219.1
Project("{9A19103F-16F7-4668-BE54-9A1E7A4F7556}") = "Irc", "Irc\Irc.csproj", "{DE789552-D5C9-4C7F-B9E0-2104BE622F82}"
EndProject
Global
	GlobalSection(SolutionConfigurationPlatforms) = preSolution
		Debug|Any CPU = Debug|Any CPU
		Release|Any CPU = Release|Any CPU
	EndGlobalSection
	GlobalSection(ProjectConfigurationPlatforms) = postSolution
		{DE789552-D5C9-4C7F-B9E0-2104BE622F82}.Debug|Any CPU.ActiveCfg = Debug|Any CPU
		{DE789552-D5C9-4C7F-B9E0-2104BE622F82}.Debug|Any CPU.Build.0 = Debug|Any CPU
		{DE789552-D5C9-4C7F-B9E0-2104BE622F82}.Release|Any CPU.ActiveCfg = Release|Any CPU
		{DE789552-D5C9-4C7F-B9E0-2104BE622F82}.Release|Any CPU.Build.0 = Release|Any CPU
	EndGlobalSection
	GlobalSection(SolutionProperties) = preSolution
		HideSolutionNode = FALSE
	EndGlobalSection
	GlobalSection(ExtensibilityGlobals) = postSolution
		SolutionGuid = {73D50222-1740-4059-827B-4CF15158737C}
	EndGlobalSection
EndGlobal
