
Microsoft Visual Studio Solution File, Format Version 12.00
# Visual Studio Version 17
VisualStudioVersion = 17.0.32112.339
MinimumVisualStudioVersion = 10.0.40219.1
Project("{9A19103F-16F7-4668-BE54-9A1E7A4F7556}") = "Irc.Server.Console", "Irc.Server.Console\Irc.Server.Console.csproj", "{DE789552-D5C9-4C7F-B9E0-2104BE622F82}"
EndProject
Project("{9A19103F-16F7-4668-BE54-9A1E7A4F7556}") = "Irc.Server", "Irc.Server\Irc.Server.csproj", "{64352AD4-5A93-4009-822B-F5266450622A}"
EndProject
Project("{9A19103F-16F7-4668-BE54-9A1E7A4F7556}") = "Irc", "Irc\Irc.csproj", "{D9B701DA-21F8-4775-8BBB-860713C7E8BE}"
EndProject
Project("{9A19103F-16F7-4668-BE54-9A1E7A4F7556}") = "Irc.Server.Service", "Irc.Server.Service\Irc.Server.Service.csproj", "{7938920E-FC93-47CE-8749-569CB5F0B411}"
EndProject
Project("{9A19103F-16F7-4668-BE54-9A1E7A4F7556}") = "Irc.Client.Wpf", "Irc.Client.Wpf\Irc.Client.Wpf.csproj", "{D17BEDB2-522F-4536-90D0-98C413DCEF24}"
EndProject
Project("{9A19103F-16F7-4668-BE54-9A1E7A4F7556}") = "Irc.Client", "Irc.Client\Irc.Client.csproj", "{5EFDEC07-956A-4D0C-9F6E-F56F603B8870}"
EndProject
Project("{FAE04EC0-301F-11D3-BF4B-00C04F79EFBC}") = "Irc.Bot.Console", "Irc.Bot.Console\Irc.Bot.Console.csproj", "{AFE65F81-A59B-4FFF-B24D-D93968ACBA89}"
EndProject
Global
	GlobalSection(SolutionConfigurationPlatforms) = preSolution
		Debug|Any CPU = Debug|Any CPU
		Release|Any CPU = Release|Any CPU
	EndGlobalSection
	GlobalSection(ProjectConfigurationPlatforms) = postSolution
		{DE789552-D5C9-4C7F-B9E0-2104BE622F82}.Debug|Any CPU.ActiveCfg = Debug|Any CPU
		{DE789552-D5C9-4C7F-B9E0-2104BE622F82}.Debug|Any CPU.Build.0 = Debug|Any CPU
		{DE789552-D5C9-4C7F-B9E0-2104BE622F82}.Release|Any CPU.ActiveCfg = Release|Any CPU
		{DE789552-D5C9-4C7F-B9E0-2104BE622F82}.Release|Any CPU.Build.0 = Release|Any CPU
		{64352AD4-5A93-4009-822B-F5266450622A}.Debug|Any CPU.ActiveCfg = Debug|Any CPU
		{64352AD4-5A93-4009-822B-F5266450622A}.Debug|Any CPU.Build.0 = Debug|Any CPU
		{64352AD4-5A93-4009-822B-F5266450622A}.Release|Any CPU.ActiveCfg = Release|Any CPU
		{64352AD4-5A93-4009-822B-F5266450622A}.Release|Any CPU.Build.0 = Release|Any CPU
		{D9B701DA-21F8-4775-8BBB-860713C7E8BE}.Debug|Any CPU.ActiveCfg = Debug|Any CPU
		{D9B701DA-21F8-4775-8BBB-860713C7E8BE}.Debug|Any CPU.Build.0 = Debug|Any CPU
		{D9B701DA-21F8-4775-8BBB-860713C7E8BE}.Release|Any CPU.ActiveCfg = Release|Any CPU
		{D9B701DA-21F8-4775-8BBB-860713C7E8BE}.Release|Any CPU.Build.0 = Release|Any CPU
		{7938920E-FC93-47CE-8749-569CB5F0B411}.Debug|Any CPU.ActiveCfg = Debug|Any CPU
		{7938920E-FC93-47CE-8749-569CB5F0B411}.Debug|Any CPU.Build.0 = Debug|Any CPU
		{7938920E-FC93-47CE-8749-569CB5F0B411}.Release|Any CPU.ActiveCfg = Release|Any CPU
		{7938920E-FC93-47CE-8749-569CB5F0B411}.Release|Any CPU.Build.0 = Release|Any CPU
		{D17BEDB2-522F-4536-90D0-98C413DCEF24}.Debug|Any CPU.ActiveCfg = Debug|Any CPU
		{D17BEDB2-522F-4536-90D0-98C413DCEF24}.Debug|Any CPU.Build.0 = Debug|Any CPU
		{D17BEDB2-522F-4536-90D0-98C413DCEF24}.Release|Any CPU.ActiveCfg = Release|Any CPU
		{D17BEDB2-522F-4536-90D0-98C413DCEF24}.Release|Any CPU.Build.0 = Release|Any CPU
		{5EFDEC07-956A-4D0C-9F6E-F56F603B8870}.Debug|Any CPU.ActiveCfg = Debug|Any CPU
		{5EFDEC07-956A-4D0C-9F6E-F56F603B8870}.Debug|Any CPU.Build.0 = Debug|Any CPU
		{5EFDEC07-956A-4D0C-9F6E-F56F603B8870}.Release|Any CPU.ActiveCfg = Release|Any CPU
		{5EFDEC07-956A-4D0C-9F6E-F56F603B8870}.Release|Any CPU.Build.0 = Release|Any CPU
		{AFE65F81-A59B-4FFF-B24D-D93968ACBA89}.Debug|Any CPU.ActiveCfg = Debug|Any CPU
		{AFE65F81-A59B-4FFF-B24D-D93968ACBA89}.Debug|Any CPU.Build.0 = Debug|Any CPU
		{AFE65F81-A59B-4FFF-B24D-D93968ACBA89}.Release|Any CPU.ActiveCfg = Release|Any CPU
		{AFE65F81-A59B-4FFF-B24D-D93968ACBA89}.Release|Any CPU.Build.0 = Release|Any CPU
	EndGlobalSection
	GlobalSection(SolutionProperties) = preSolution
		HideSolutionNode = FALSE
	EndGlobalSection
	GlobalSection(ExtensibilityGlobals) = postSolution
		SolutionGuid = {73D50222-1740-4059-827B-4CF15158737C}
	EndGlobalSection
EndGlobal
